
Microsoft Visual Studio Solution File, Format Version 12.00
# Visual Studio Version 17
VisualStudioVersion = 17.10.34916.146
MinimumVisualStudioVersion = 10.0.40219.1
Project("{2150E333-8FDC-42A3-9474-1A3956D46DE8}") = "src", "src", "{4F197F84-390E-43CC-9162-A300464B244C}"
EndProject
Project("{9A19103F-16F7-4668-BE54-9A1E7A4F7556}") = "Domain", "src\Domain\Domain.csproj", "{5E709427-AB6A-413B-975C-E0FCB6B036A7}"
EndProject
Project("{9A19103F-16F7-4668-BE54-9A1E7A4F7556}") = "Application", "src\Application\Application.csproj", "{CD6FFFC7-C44D-49B7-A7B7-292132484CA2}"
EndProject
Project("{9A19103F-16F7-4668-BE54-9A1E7A4F7556}") = "Infrastructure", "src\Infrastructure\Infrastructure.csproj", "{92C62FCD-DB13-4C4B-8A86-F3926BA1E4E2}"
EndProject
Project("{9A19103F-16F7-4668-BE54-9A1E7A4F7556}") = "API", "src\API\API.csproj", "{629D90CB-A318-4B2F-A0E4-ACA7287F2D5F}"
EndProject
Project("{E53339B2-1760-4266-BCC7-CA923CBCF16C}") = "docker-compose", "docker-compose.dcproj", "{27BD0EF4-4D88-4D27-902D-1A369A7AC715}"
EndProject
Global
	GlobalSection(SolutionConfigurationPlatforms) = preSolution
		Debug|Any CPU = Debug|Any CPU
		Release|Any CPU = Release|Any CPU
	EndGlobalSection
	GlobalSection(ProjectConfigurationPlatforms) = postSolution
		{5E709427-AB6A-413B-975C-E0FCB6B036A7}.Debug|Any CPU.ActiveCfg = Debug|Any CPU
		{5E709427-AB6A-413B-975C-E0FCB6B036A7}.Debug|Any CPU.Build.0 = Debug|Any CPU
		{5E709427-AB6A-413B-975C-E0FCB6B036A7}.Release|Any CPU.ActiveCfg = Release|Any CPU
		{5E709427-AB6A-413B-975C-E0FCB6B036A7}.Release|Any CPU.Build.0 = Release|Any CPU
		{CD6FFFC7-C44D-49B7-A7B7-292132484CA2}.Debug|Any CPU.ActiveCfg = Debug|Any CPU
		{CD6FFFC7-C44D-49B7-A7B7-292132484CA2}.Debug|Any CPU.Build.0 = Debug|Any CPU
		{CD6FFFC7-C44D-49B7-A7B7-292132484CA2}.Release|Any CPU.ActiveCfg = Release|Any CPU
		{CD6FFFC7-C44D-49B7-A7B7-292132484CA2}.Release|Any CPU.Build.0 = Release|Any CPU
		{92C62FCD-DB13-4C4B-8A86-F3926BA1E4E2}.Debug|Any CPU.ActiveCfg = Debug|Any CPU
		{92C62FCD-DB13-4C4B-8A86-F3926BA1E4E2}.Debug|Any CPU.Build.0 = Debug|Any CPU
		{92C62FCD-DB13-4C4B-8A86-F3926BA1E4E2}.Release|Any CPU.ActiveCfg = Release|Any CPU
		{92C62FCD-DB13-4C4B-8A86-F3926BA1E4E2}.Release|Any CPU.Build.0 = Release|Any CPU
		{629D90CB-A318-4B2F-A0E4-ACA7287F2D5F}.Debug|Any CPU.ActiveCfg = Debug|Any CPU
		{629D90CB-A318-4B2F-A0E4-ACA7287F2D5F}.Debug|Any CPU.Build.0 = Debug|Any CPU
		{629D90CB-A318-4B2F-A0E4-ACA7287F2D5F}.Release|Any CPU.ActiveCfg = Release|Any CPU
		{629D90CB-A318-4B2F-A0E4-ACA7287F2D5F}.Release|Any CPU.Build.0 = Release|Any CPU
		{27BD0EF4-4D88-4D27-902D-1A369A7AC715}.Debug|Any CPU.ActiveCfg = Debug|Any CPU
		{27BD0EF4-4D88-4D27-902D-1A369A7AC715}.Debug|Any CPU.Build.0 = Debug|Any CPU
		{27BD0EF4-4D88-4D27-902D-1A369A7AC715}.Release|Any CPU.ActiveCfg = Release|Any CPU
		{27BD0EF4-4D88-4D27-902D-1A369A7AC715}.Release|Any CPU.Build.0 = Release|Any CPU
	EndGlobalSection
	GlobalSection(SolutionProperties) = preSolution
		HideSolutionNode = FALSE
	EndGlobalSection
	GlobalSection(NestedProjects) = preSolution
		{5E709427-AB6A-413B-975C-E0FCB6B036A7} = {4F197F84-390E-43CC-9162-A300464B244C}
		{CD6FFFC7-C44D-49B7-A7B7-292132484CA2} = {4F197F84-390E-43CC-9162-A300464B244C}
		{92C62FCD-DB13-4C4B-8A86-F3926BA1E4E2} = {4F197F84-390E-43CC-9162-A300464B244C}
		{629D90CB-A318-4B2F-A0E4-ACA7287F2D5F} = {4F197F84-390E-43CC-9162-A300464B244C}
	EndGlobalSection
EndGlobal
